
Microsoft Visual Studio Solution File, Format Version 12.00
# Visual Studio Version 16
VisualStudioVersion = 16.0.30804.86
MinimumVisualStudioVersion = 10.0.40219.1
Project("{888888A0-9F3D-457C-B088-3A5042F75D52}") = "spammer", "spammer\spammer.pyproj", "{D1D9D8EB-4DBC-40DB-B30F-BC5331A6177F}"
EndProject
Global
	GlobalSection(SolutionConfigurationPlatforms) = preSolution
		Debug|Any CPU = Debug|Any CPU
		Release|Any CPU = Release|Any CPU
	EndGlobalSection
	GlobalSection(ProjectConfigurationPlatforms) = postSolution
		{D1D9D8EB-4DBC-40DB-B30F-BC5331A6177F}.Debug|Any CPU.ActiveCfg = Debug|Any CPU
		{D1D9D8EB-4DBC-40DB-B30F-BC5331A6177F}.Release|Any CPU.ActiveCfg = Release|Any CPU
	EndGlobalSection
	GlobalSection(SolutionProperties) = preSolution
		HideSolutionNode = FALSE
	EndGlobalSection
	GlobalSection(ExtensibilityGlobals) = postSolution
		SolutionGuid = {34DA361A-57E9-401B-9CB1-2B794D9A839E}
	EndGlobalSection
EndGlobal
